
Microsoft Visual Studio Solution File, Format Version 12.00
# Visual Studio Version 17
VisualStudioVersion = 17.11.35327.3
MinimumVisualStudioVersion = 10.0.40219.1
Project("{8BC9CEB8-8B4A-11D0-8D11-00A0C91BC942}") = "АрхітектураДЗ SOLID", "АрхітектураДЗ SOLID\АрхітектураДЗ SOLID.vcxproj", "{807892C7-5DD9-4ABB-A4A2-C7D6BEB6F387}"
EndProject
Global
	GlobalSection(SolutionConfigurationPlatforms) = preSolution
		Debug|x64 = Debug|x64
		Debug|x86 = Debug|x86
		Release|x64 = Release|x64
		Release|x86 = Release|x86
	EndGlobalSection
	GlobalSection(ProjectConfigurationPlatforms) = postSolution
		{807892C7-5DD9-4ABB-A4A2-C7D6BEB6F387}.Debug|x64.ActiveCfg = Debug|x64
		{807892C7-5DD9-4ABB-A4A2-C7D6BEB6F387}.Debug|x64.Build.0 = Debug|x64
		{807892C7-5DD9-4ABB-A4A2-C7D6BEB6F387}.Debug|x86.ActiveCfg = Debug|Win32
		{807892C7-5DD9-4ABB-A4A2-C7D6BEB6F387}.Debug|x86.Build.0 = Debug|Win32
		{807892C7-5DD9-4ABB-A4A2-C7D6BEB6F387}.Release|x64.ActiveCfg = Release|x64
		{807892C7-5DD9-4ABB-A4A2-C7D6BEB6F387}.Release|x64.Build.0 = Release|x64
		{807892C7-5DD9-4ABB-A4A2-C7D6BEB6F387}.Release|x86.ActiveCfg = Release|Win32
		{807892C7-5DD9-4ABB-A4A2-C7D6BEB6F387}.Release|x86.Build.0 = Release|Win32
	EndGlobalSection
	GlobalSection(SolutionProperties) = preSolution
		HideSolutionNode = FALSE
	EndGlobalSection
	GlobalSection(ExtensibilityGlobals) = postSolution
		SolutionGuid = {A170D0FF-3281-448F-BB14-A6CA55FEA98B}
	EndGlobalSection
EndGlobal
